
Microsoft Visual Studio Solution File, Format Version 12.00
# Visual Studio Version 16
VisualStudioVersion = 16.0.29201.188
MinimumVisualStudioVersion = 10.0.40219.1
Project("{FAE04EC0-301F-11D3-BF4B-00C04F79EFBC}") = "printerproq", "printerproq.csproj", "{2273CF50-3598-4090-86B2-6C5DD7A94B70}"
EndProject
Global
	GlobalSection(SolutionConfigurationPlatforms) = preSolution
		Debug|Any CPU = Debug|Any CPU
		Release|Any CPU = Release|Any CPU
	EndGlobalSection
	GlobalSection(ProjectConfigurationPlatforms) = postSolution
		{2273CF50-3598-4090-86B2-6C5DD7A94B70}.Debug|Any CPU.ActiveCfg = Debug|Any CPU
		{2273CF50-3598-4090-86B2-6C5DD7A94B70}.Debug|Any CPU.Build.0 = Debug|Any CPU
		{2273CF50-3598-4090-86B2-6C5DD7A94B70}.Release|Any CPU.ActiveCfg = Release|Any CPU
		{2273CF50-3598-4090-86B2-6C5DD7A94B70}.Release|Any CPU.Build.0 = Release|Any CPU
	EndGlobalSection
	GlobalSection(SolutionProperties) = preSolution
		HideSolutionNode = FALSE
	EndGlobalSection
	GlobalSection(ExtensibilityGlobals) = postSolution
		SolutionGuid = {90C440E3-0451-40E1-B33E-A8E1FB90FC38}
	EndGlobalSection
EndGlobal
